
Microsoft Visual Studio Solution File, Format Version 12.00
# Visual Studio 14
VisualStudioVersion = 14.0.25420.1
MinimumVisualStudioVersion = 10.0.40219.1
Project("{2150E333-8FDC-42A3-9474-1A3956D46DE8}") = "Web", "Web", "{A6C7F130-B4FF-45F8-98E7-06B87BC995F6}"
EndProject
Project("{2150E333-8FDC-42A3-9474-1A3956D46DE8}") = "Solution Items", "Solution Items", "{E133D3CA-528A-4FE7-B308-BB5DA3E77AF8}"
	ProjectSection(SolutionItems) = preProject
		global.json = global.json
	EndProjectSection
EndProject
Project("{2150E333-8FDC-42A3-9474-1A3956D46DE8}") = "Core", "Core", "{1785014E-4790-408A-844A-115B7446AEA9}"
EndProject
Project("{8BB2217D-0F2D-49D1-97BC-3654ED321F3B}") = "Models", "Models\Models.xproj", "{C1343E26-17AB-4D78-8BA9-9CD7C66FC58B}"
EndProject
Project("{2150E333-8FDC-42A3-9474-1A3956D46DE8}") = "Services", "Services", "{E516152D-0E02-4CA1-85C8-0917E4273808}"
EndProject
Project("{8BB2217D-0F2D-49D1-97BC-3654ED321F3B}") = "DataServices", "DataServices\DataServices.xproj", "{CEB22FF6-9ED0-4F0B-ABC1-E7E5BFA833A9}"
EndProject
Project("{8BB2217D-0F2D-49D1-97BC-3654ED321F3B}") = "Interfaces", "Interfaces\Interfaces.xproj", "{B99FE759-BF5C-4406-A6FB-4F72464E0A86}"
EndProject
Project("{8BB2217D-0F2D-49D1-97BC-3654ED321F3B}") = "Infrastructure", "Infrastructure\Infrastructure.xproj", "{8C7A662D-6588-4551-A8EF-17797E1E27B4}"
EndProject
Project("{2150E333-8FDC-42A3-9474-1A3956D46DE8}") = "Tests", "Tests", "{9C60AD10-E2E4-4DB7-8801-9B84EBFC655B}"
EndProject
Project("{8BB2217D-0F2D-49D1-97BC-3654ED321F3B}") = "PlantBackendWebsiteTests", "PlantBackendWebsiteTests\PlantBackendWebsiteTests.xproj", "{5A297DF7-926D-499D-AB5D-6916AF2FACA1}"
EndProject
Project("{8BB2217D-0F2D-49D1-97BC-3654ED321F3B}") = "PlantBackendWebsite", "PlantBackendWebsite\PlantBackendWebsite.xproj", "{E7ECAF55-1D5A-4A72-B754-84AA46FFD2AA}"
EndProject
Global
	GlobalSection(SolutionConfigurationPlatforms) = preSolution
		Debug|Any CPU = Debug|Any CPU
		Release|Any CPU = Release|Any CPU
	EndGlobalSection
	GlobalSection(ProjectConfigurationPlatforms) = postSolution
		{C1343E26-17AB-4D78-8BA9-9CD7C66FC58B}.Debug|Any CPU.ActiveCfg = Debug|Any CPU
		{C1343E26-17AB-4D78-8BA9-9CD7C66FC58B}.Debug|Any CPU.Build.0 = Debug|Any CPU
		{C1343E26-17AB-4D78-8BA9-9CD7C66FC58B}.Release|Any CPU.ActiveCfg = Release|Any CPU
		{C1343E26-17AB-4D78-8BA9-9CD7C66FC58B}.Release|Any CPU.Build.0 = Release|Any CPU
		{CEB22FF6-9ED0-4F0B-ABC1-E7E5BFA833A9}.Debug|Any CPU.ActiveCfg = Debug|Any CPU
		{CEB22FF6-9ED0-4F0B-ABC1-E7E5BFA833A9}.Debug|Any CPU.Build.0 = Debug|Any CPU
		{CEB22FF6-9ED0-4F0B-ABC1-E7E5BFA833A9}.Release|Any CPU.ActiveCfg = Release|Any CPU
		{CEB22FF6-9ED0-4F0B-ABC1-E7E5BFA833A9}.Release|Any CPU.Build.0 = Release|Any CPU
		{B99FE759-BF5C-4406-A6FB-4F72464E0A86}.Debug|Any CPU.ActiveCfg = Debug|Any CPU
		{B99FE759-BF5C-4406-A6FB-4F72464E0A86}.Debug|Any CPU.Build.0 = Debug|Any CPU
		{B99FE759-BF5C-4406-A6FB-4F72464E0A86}.Release|Any CPU.ActiveCfg = Release|Any CPU
		{B99FE759-BF5C-4406-A6FB-4F72464E0A86}.Release|Any CPU.Build.0 = Release|Any CPU
		{8C7A662D-6588-4551-A8EF-17797E1E27B4}.Debug|Any CPU.ActiveCfg = Debug|Any CPU
		{8C7A662D-6588-4551-A8EF-17797E1E27B4}.Debug|Any CPU.Build.0 = Debug|Any CPU
		{8C7A662D-6588-4551-A8EF-17797E1E27B4}.Release|Any CPU.ActiveCfg = Release|Any CPU
		{8C7A662D-6588-4551-A8EF-17797E1E27B4}.Release|Any CPU.Build.0 = Release|Any CPU
		{5A297DF7-926D-499D-AB5D-6916AF2FACA1}.Debug|Any CPU.ActiveCfg = Debug|Any CPU
		{5A297DF7-926D-499D-AB5D-6916AF2FACA1}.Debug|Any CPU.Build.0 = Debug|Any CPU
		{5A297DF7-926D-499D-AB5D-6916AF2FACA1}.Release|Any CPU.ActiveCfg = Release|Any CPU
		{5A297DF7-926D-499D-AB5D-6916AF2FACA1}.Release|Any CPU.Build.0 = Release|Any CPU
		{E7ECAF55-1D5A-4A72-B754-84AA46FFD2AA}.Debug|Any CPU.ActiveCfg = Debug|Any CPU
		{E7ECAF55-1D5A-4A72-B754-84AA46FFD2AA}.Debug|Any CPU.Build.0 = Debug|Any CPU
		{E7ECAF55-1D5A-4A72-B754-84AA46FFD2AA}.Release|Any CPU.ActiveCfg = Release|Any CPU
		{E7ECAF55-1D5A-4A72-B754-84AA46FFD2AA}.Release|Any CPU.Build.0 = Release|Any CPU
	EndGlobalSection
	GlobalSection(SolutionProperties) = preSolution
		HideSolutionNode = FALSE
	EndGlobalSection
	GlobalSection(NestedProjects) = preSolution
		{C1343E26-17AB-4D78-8BA9-9CD7C66FC58B} = {1785014E-4790-408A-844A-115B7446AEA9}
		{CEB22FF6-9ED0-4F0B-ABC1-E7E5BFA833A9} = {E516152D-0E02-4CA1-85C8-0917E4273808}
		{B99FE759-BF5C-4406-A6FB-4F72464E0A86} = {1785014E-4790-408A-844A-115B7446AEA9}
		{8C7A662D-6588-4551-A8EF-17797E1E27B4} = {E516152D-0E02-4CA1-85C8-0917E4273808}
		{5A297DF7-926D-499D-AB5D-6916AF2FACA1} = {9C60AD10-E2E4-4DB7-8801-9B84EBFC655B}
		{E7ECAF55-1D5A-4A72-B754-84AA46FFD2AA} = {A6C7F130-B4FF-45F8-98E7-06B87BC995F6}
	EndGlobalSection
EndGlobal
